// !$*UTF8*$!
{
	archiveVersion = 1;
	classes = {
	};
	objectVersion = 50;
	objects = {

/* Begin PBXBuildFile section */
		547D15D726836A6A00E8223D /* HomeView.swift in Sources */ = {isa = PBXBuildFile; fileRef = 547D15D626836A6A00E8223D /* HomeView.swift */; };
		612B360A268138DF005BA3EE /* Localizable.strings in Resources */ = {isa = PBXBuildFile; fileRef = 612B360C268138DF005BA3EE /* Localizable.strings */; };
		612D47FE267FEAA100248C83 /* ThemeView.swift in Sources */ = {isa = PBXBuildFile; fileRef = 612D47FD267FEAA100248C83 /* ThemeView.swift */; };
		612D4800267FED5400248C83 /* GalleryView.swift in Sources */ = {isa = PBXBuildFile; fileRef = 612D47FF267FED5400248C83 /* GalleryView.swift */; };
		612D4802267FEE7400248C83 /* ActivityView.swift in Sources */ = {isa = PBXBuildFile; fileRef = 612D4801267FEE7400248C83 /* ActivityView.swift */; };
		6158CE092678CBEC00CAF0DA /* ArteroApp.swift in Sources */ = {isa = PBXBuildFile; fileRef = 6158CE082678CBEC00CAF0DA /* ArteroApp.swift */; };
		6158CE0B2678CBEC00CAF0DA /* ContentView.swift in Sources */ = {isa = PBXBuildFile; fileRef = 6158CE0A2678CBEC00CAF0DA /* ContentView.swift */; };
		6158CE0D2678CBEE00CAF0DA /* Assets.xcassets in Resources */ = {isa = PBXBuildFile; fileRef = 6158CE0C2678CBEE00CAF0DA /* Assets.xcassets */; };
		6158CE102678CBEE00CAF0DA /* Preview Assets.xcassets in Resources */ = {isa = PBXBuildFile; fileRef = 6158CE0F2678CBEE00CAF0DA /* Preview Assets.xcassets */; };
		61ECBA69267B795B00DE9D02 /* ImagePickerView.swift in Sources */ = {isa = PBXBuildFile; fileRef = 61ECBA68267B795B00DE9D02 /* ImagePickerView.swift */; };
		61ECBA6B267B798100DE9D02 /* Coordinator.swift in Sources */ = {isa = PBXBuildFile; fileRef = 61ECBA6A267B798100DE9D02 /* Coordinator.swift */; };
		B3CB7643268673E60097E942 /* OnboardingView.swift in Sources */ = {isa = PBXBuildFile; fileRef = B3CB7642268673E60097E942 /* OnboardingView.swift */; };
		B50BB4AA26842C9800EB65B7 /* ThemeController.swift in Sources */ = {isa = PBXBuildFile; fileRef = B50BB4A926842C9800EB65B7 /* ThemeController.swift */; };
		B51302EC2683F92500BFEF20 /* NotificationPreferenceController.swift in Sources */ = {isa = PBXBuildFile; fileRef = B51302EB2683F92500BFEF20 /* NotificationPreferenceController.swift */; };
		B51302EE2683FC2600BFEF20 /* Activity.swift in Sources */ = {isa = PBXBuildFile; fileRef = B51302ED2683FC2600BFEF20 /* Activity.swift */; };
		B51302F02683FCA000BFEF20 /* ActivityDAO.swift in Sources */ = {isa = PBXBuildFile; fileRef = B51302EF2683FCA000BFEF20 /* ActivityDAO.swift */; };
		B51302F32683FE7F00BFEF20 /* DateUtils.swift in Sources */ = {isa = PBXBuildFile; fileRef = B51302F22683FE7F00BFEF20 /* DateUtils.swift */; };
		B58BB7DD26854C470080088D /* ActivityController.swift in Sources */ = {isa = PBXBuildFile; fileRef = B58BB7DC26854C470080088D /* ActivityController.swift */; };
		B5BEDB6A2683604100B4BC3F /* Inspiration.swift in Sources */ = {isa = PBXBuildFile; fileRef = B5BEDB692683604100B4BC3F /* Inspiration.swift */; };
		B5BEDB6C2683607B00B4BC3F /* Theme.swift in Sources */ = {isa = PBXBuildFile; fileRef = B5BEDB6B2683607B00B4BC3F /* Theme.swift */; };
		B5BEDB6E2683647300B4BC3F /* NotificationPreference.swift in Sources */ = {isa = PBXBuildFile; fileRef = B5BEDB6D2683647300B4BC3F /* NotificationPreference.swift */; };
		B5BEDB70268364DC00B4BC3F /* NotificationPreferenceDAO.swift in Sources */ = {isa = PBXBuildFile; fileRef = B5BEDB6F268364DC00B4BC3F /* NotificationPreferenceDAO.swift */; };
		B5EA7F722685845A00B696F9 /* User.swift in Sources */ = {isa = PBXBuildFile; fileRef = B5EA7F712685845A00B696F9 /* User.swift */; };
		B5EA7F742685846400B696F9 /* UserDAO.swift in Sources */ = {isa = PBXBuildFile; fileRef = B5EA7F732685846400B696F9 /* UserDAO.swift */; };
		B5EA7F762685856E00B696F9 /* UserController.swift in Sources */ = {isa = PBXBuildFile; fileRef = B5EA7F752685856E00B696F9 /* UserController.swift */; };
/* End PBXBuildFile section */

/* Begin PBXFileReference section */
		547D15D626836A6A00E8223D /* HomeView.swift */ = {isa = PBXFileReference; lastKnownFileType = sourcecode.swift; path = HomeView.swift; sourceTree = "<group>"; };
		612B360B268138DF005BA3EE /* en */ = {isa = PBXFileReference; lastKnownFileType = text.plist.strings; name = en; path = en.lproj/Localizable.strings; sourceTree = "<group>"; };
		612B360D268138FD005BA3EE /* pt-BR */ = {isa = PBXFileReference; lastKnownFileType = text.plist.strings; name = "pt-BR"; path = "pt-BR.lproj/Localizable.strings"; sourceTree = "<group>"; };
		612D47FD267FEAA100248C83 /* ThemeView.swift */ = {isa = PBXFileReference; lastKnownFileType = sourcecode.swift; path = ThemeView.swift; sourceTree = "<group>"; };
		612D47FF267FED5400248C83 /* GalleryView.swift */ = {isa = PBXFileReference; lastKnownFileType = sourcecode.swift; path = GalleryView.swift; sourceTree = "<group>"; };
		612D4801267FEE7400248C83 /* ActivityView.swift */ = {isa = PBXFileReference; lastKnownFileType = sourcecode.swift; path = ActivityView.swift; sourceTree = "<group>"; };
		6158CE052678CBEC00CAF0DA /* Artero.app */ = {isa = PBXFileReference; explicitFileType = wrapper.application; includeInIndex = 0; path = Artero.app; sourceTree = BUILT_PRODUCTS_DIR; };
		6158CE082678CBEC00CAF0DA /* ArteroApp.swift */ = {isa = PBXFileReference; lastKnownFileType = sourcecode.swift; path = ArteroApp.swift; sourceTree = "<group>"; };
		6158CE0A2678CBEC00CAF0DA /* ContentView.swift */ = {isa = PBXFileReference; lastKnownFileType = sourcecode.swift; path = ContentView.swift; sourceTree = "<group>"; };
		6158CE0C2678CBEE00CAF0DA /* Assets.xcassets */ = {isa = PBXFileReference; lastKnownFileType = folder.assetcatalog; path = Assets.xcassets; sourceTree = "<group>"; };
		6158CE0F2678CBEE00CAF0DA /* Preview Assets.xcassets */ = {isa = PBXFileReference; lastKnownFileType = folder.assetcatalog; path = "Preview Assets.xcassets"; sourceTree = "<group>"; };
		6158CE112678CBEE00CAF0DA /* Info.plist */ = {isa = PBXFileReference; lastKnownFileType = text.plist.xml; path = Info.plist; sourceTree = "<group>"; };
		61ECBA68267B795B00DE9D02 /* ImagePickerView.swift */ = {isa = PBXFileReference; lastKnownFileType = sourcecode.swift; path = ImagePickerView.swift; sourceTree = "<group>"; };
		61ECBA6A267B798100DE9D02 /* Coordinator.swift */ = {isa = PBXFileReference; lastKnownFileType = sourcecode.swift; path = Coordinator.swift; sourceTree = "<group>"; };
		B3CB7642268673E60097E942 /* OnboardingView.swift */ = {isa = PBXFileReference; lastKnownFileType = sourcecode.swift; path = OnboardingView.swift; sourceTree = "<group>"; };
		B50BB4A926842C9800EB65B7 /* ThemeController.swift */ = {isa = PBXFileReference; lastKnownFileType = sourcecode.swift; path = ThemeController.swift; sourceTree = "<group>"; };
		B51302EB2683F92500BFEF20 /* NotificationPreferenceController.swift */ = {isa = PBXFileReference; lastKnownFileType = sourcecode.swift; path = NotificationPreferenceController.swift; sourceTree = "<group>"; };
		B51302ED2683FC2600BFEF20 /* Activity.swift */ = {isa = PBXFileReference; lastKnownFileType = sourcecode.swift; path = Activity.swift; sourceTree = "<group>"; };
		B51302EF2683FCA000BFEF20 /* ActivityDAO.swift */ = {isa = PBXFileReference; lastKnownFileType = sourcecode.swift; path = ActivityDAO.swift; sourceTree = "<group>"; };
		B51302F22683FE7F00BFEF20 /* DateUtils.swift */ = {isa = PBXFileReference; lastKnownFileType = sourcecode.swift; path = DateUtils.swift; sourceTree = "<group>"; };
		B58BB7DC26854C470080088D /* ActivityController.swift */ = {isa = PBXFileReference; lastKnownFileType = sourcecode.swift; path = ActivityController.swift; sourceTree = "<group>"; };
		B5BEDB692683604100B4BC3F /* Inspiration.swift */ = {isa = PBXFileReference; lastKnownFileType = sourcecode.swift; path = Inspiration.swift; sourceTree = "<group>"; };
		B5BEDB6B2683607B00B4BC3F /* Theme.swift */ = {isa = PBXFileReference; lastKnownFileType = sourcecode.swift; path = Theme.swift; sourceTree = "<group>"; };
		B5BEDB6D2683647300B4BC3F /* NotificationPreference.swift */ = {isa = PBXFileReference; lastKnownFileType = sourcecode.swift; path = NotificationPreference.swift; sourceTree = "<group>"; };
		B5BEDB6F268364DC00B4BC3F /* NotificationPreferenceDAO.swift */ = {isa = PBXFileReference; lastKnownFileType = sourcecode.swift; path = NotificationPreferenceDAO.swift; sourceTree = "<group>"; };
		B5EA7F712685845A00B696F9 /* User.swift */ = {isa = PBXFileReference; lastKnownFileType = sourcecode.swift; path = User.swift; sourceTree = "<group>"; };
		B5EA7F732685846400B696F9 /* UserDAO.swift */ = {isa = PBXFileReference; lastKnownFileType = sourcecode.swift; path = UserDAO.swift; sourceTree = "<group>"; };
		B5EA7F752685856E00B696F9 /* UserController.swift */ = {isa = PBXFileReference; lastKnownFileType = sourcecode.swift; path = UserController.swift; sourceTree = "<group>"; };
/* End PBXFileReference section */

/* Begin PBXFrameworksBuildPhase section */
		6158CE022678CBEC00CAF0DA /* Frameworks */ = {
			isa = PBXFrameworksBuildPhase;
			buildActionMask = 2147483647;
			files = (
			);
			runOnlyForDeploymentPostprocessing = 0;
		};
/* End PBXFrameworksBuildPhase section */

/* Begin PBXGroup section */
		612D4803267FF6A000248C83 /* Views */ = {
			isa = PBXGroup;
			children = (
				612D4801267FEE7400248C83 /* ActivityView.swift */,
				547D15D626836A6A00E8223D /* HomeView.swift */,
				6158CE0A2678CBEC00CAF0DA /* ContentView.swift */,
				612D47FF267FED5400248C83 /* GalleryView.swift */,
				61ECBA68267B795B00DE9D02 /* ImagePickerView.swift */,
				612D47FD267FEAA100248C83 /* ThemeView.swift */,
				B3CB7642268673E60097E942 /* OnboardingView.swift */,
			);
			path = Views;
			sourceTree = "<group>";
		};
		6158CDFC2678CBEC00CAF0DA = {
			isa = PBXGroup;
			children = (
				612B360C268138DF005BA3EE /* Localizable.strings */,
				6158CE072678CBEC00CAF0DA /* Artero */,
				6158CE062678CBEC00CAF0DA /* Products */,
			);
			sourceTree = "<group>";
		};
		6158CE062678CBEC00CAF0DA /* Products */ = {
			isa = PBXGroup;
			children = (
				6158CE052678CBEC00CAF0DA /* Artero.app */,
			);
			name = Products;
			sourceTree = "<group>";
		};
		6158CE072678CBEC00CAF0DA /* Artero */ = {
			isa = PBXGroup;
			children = (
				B51302F12683FE5800BFEF20 /* Utils */,
				B51302EA2683F6C900BFEF20 /* DAOs */,
				B5BEDB6826835E1E00B4BC3F /* Controllers */,
				61A0794526825A6A00E5B07E /* Models */,
				612D4803267FF6A000248C83 /* Views */,
				6158CE082678CBEC00CAF0DA /* ArteroApp.swift */,
				6158CE0C2678CBEE00CAF0DA /* Assets.xcassets */,
				6158CE112678CBEE00CAF0DA /* Info.plist */,
				6158CE0E2678CBEE00CAF0DA /* Preview Content */,
			);
			path = Artero;
			sourceTree = "<group>";
		};
		6158CE0E2678CBEE00CAF0DA /* Preview Content */ = {
			isa = PBXGroup;
			children = (
				6158CE0F2678CBEE00CAF0DA /* Preview Assets.xcassets */,
			);
			path = "Preview Content";
			sourceTree = "<group>";
		};
		61A0794526825A6A00E5B07E /* Models */ = {
			isa = PBXGroup;
			children = (
				61ECBA6A267B798100DE9D02 /* Coordinator.swift */,
				B5BEDB692683604100B4BC3F /* Inspiration.swift */,
				B5BEDB6B2683607B00B4BC3F /* Theme.swift */,
				B5BEDB6D2683647300B4BC3F /* NotificationPreference.swift */,
				B51302ED2683FC2600BFEF20 /* Activity.swift */,
				B5EA7F712685845A00B696F9 /* User.swift */,
			);
			path = Models;
			sourceTree = "<group>";
		};
		B51302EA2683F6C900BFEF20 /* DAOs */ = {
			isa = PBXGroup;
			children = (
				B5BEDB6F268364DC00B4BC3F /* NotificationPreferenceDAO.swift */,
				B51302EF2683FCA000BFEF20 /* ActivityDAO.swift */,
				B5EA7F732685846400B696F9 /* UserDAO.swift */,
			);
			path = DAOs;
			sourceTree = "<group>";
		};
		B51302F12683FE5800BFEF20 /* Utils */ = {
			isa = PBXGroup;
			children = (
				B51302F22683FE7F00BFEF20 /* DateUtils.swift */,
			);
			path = Utils;
			sourceTree = "<group>";
		};
		B5BEDB6826835E1E00B4BC3F /* Controllers */ = {
			isa = PBXGroup;
			children = (
				B51302EB2683F92500BFEF20 /* NotificationPreferenceController.swift */,
				B50BB4A926842C9800EB65B7 /* ThemeController.swift */,
				B58BB7DC26854C470080088D /* ActivityController.swift */,
				B5EA7F752685856E00B696F9 /* UserController.swift */,
			);
			path = Controllers;
			sourceTree = "<group>";
		};
/* End PBXGroup section */

/* Begin PBXNativeTarget section */
		6158CE042678CBEC00CAF0DA /* Artero */ = {
			isa = PBXNativeTarget;
			buildConfigurationList = 6158CE142678CBEE00CAF0DA /* Build configuration list for PBXNativeTarget "Artero" */;
			buildPhases = (
				6158CE012678CBEC00CAF0DA /* Sources */,
				6158CE022678CBEC00CAF0DA /* Frameworks */,
				6158CE032678CBEC00CAF0DA /* Resources */,
			);
			buildRules = (
			);
			dependencies = (
			);
			name = Artero;
			productName = "app das frutas";
			productReference = 6158CE052678CBEC00CAF0DA /* Artero.app */;
			productType = "com.apple.product-type.application";
		};
/* End PBXNativeTarget section */

/* Begin PBXProject section */
		6158CDFD2678CBEC00CAF0DA /* Project object */ = {
			isa = PBXProject;
			attributes = {
				LastSwiftUpdateCheck = 1250;
				LastUpgradeCheck = 1250;
				TargetAttributes = {
					6158CE042678CBEC00CAF0DA = {
						CreatedOnToolsVersion = 12.5;
					};
				};
			};
			buildConfigurationList = 6158CE002678CBEC00CAF0DA /* Build configuration list for PBXProject "Artero" */;
			compatibilityVersion = "Xcode 9.3";
			developmentRegion = en;
			hasScannedForEncodings = 0;
			knownRegions = (
				en,
				Base,
				"pt-BR",
			);
			mainGroup = 6158CDFC2678CBEC00CAF0DA;
			productRefGroup = 6158CE062678CBEC00CAF0DA /* Products */;
			projectDirPath = "";
			projectRoot = "";
			targets = (
				6158CE042678CBEC00CAF0DA /* Artero */,
			);
		};
/* End PBXProject section */

/* Begin PBXResourcesBuildPhase section */
		6158CE032678CBEC00CAF0DA /* Resources */ = {
			isa = PBXResourcesBuildPhase;
			buildActionMask = 2147483647;
			files = (
				6158CE102678CBEE00CAF0DA /* Preview Assets.xcassets in Resources */,
				612B360A268138DF005BA3EE /* Localizable.strings in Resources */,
				6158CE0D2678CBEE00CAF0DA /* Assets.xcassets in Resources */,
			);
			runOnlyForDeploymentPostprocessing = 0;
		};
/* End PBXResourcesBuildPhase section */

/* Begin PBXSourcesBuildPhase section */
		6158CE012678CBEC00CAF0DA /* Sources */ = {
			isa = PBXSourcesBuildPhase;
			buildActionMask = 2147483647;
			files = (
				B5BEDB6E2683647300B4BC3F /* NotificationPreference.swift in Sources */,
				547D15D726836A6A00E8223D /* HomeView.swift in Sources */,
				612D4800267FED5400248C83 /* GalleryView.swift in Sources */,
				B5EA7F742685846400B696F9 /* UserDAO.swift in Sources */,
				B5BEDB6C2683607B00B4BC3F /* Theme.swift in Sources */,
				61ECBA6B267B798100DE9D02 /* Coordinator.swift in Sources */,
				612D47FE267FEAA100248C83 /* ThemeView.swift in Sources */,
				B51302F02683FCA000BFEF20 /* ActivityDAO.swift in Sources */,
				B5BEDB6A2683604100B4BC3F /* Inspiration.swift in Sources */,
				B5BEDB70268364DC00B4BC3F /* NotificationPreferenceDAO.swift in Sources */,
				61ECBA69267B795B00DE9D02 /* ImagePickerView.swift in Sources */,
				B51302EE2683FC2600BFEF20 /* Activity.swift in Sources */,
				B50BB4AA26842C9800EB65B7 /* ThemeController.swift in Sources */,
				B51302EC2683F92500BFEF20 /* NotificationPreferenceController.swift in Sources */,
				B51302F32683FE7F00BFEF20 /* DateUtils.swift in Sources */,
				B58BB7DD26854C470080088D /* ActivityController.swift in Sources */,
				612D4802267FEE7400248C83 /* ActivityView.swift in Sources */,
				6158CE0B2678CBEC00CAF0DA /* ContentView.swift in Sources */,
				B5EA7F762685856E00B696F9 /* UserController.swift in Sources */,
				6158CE092678CBEC00CAF0DA /* ArteroApp.swift in Sources */,
				B5EA7F722685845A00B696F9 /* User.swift in Sources */,
				B3CB7643268673E60097E942 /* OnboardingView.swift in Sources */,
			);
			runOnlyForDeploymentPostprocessing = 0;
		};
/* End PBXSourcesBuildPhase section */

/* Begin PBXVariantGroup section */
		612B360C268138DF005BA3EE /* Localizable.strings */ = {
			isa = PBXVariantGroup;
			children = (
				612B360B268138DF005BA3EE /* en */,
				612B360D268138FD005BA3EE /* pt-BR */,
			);
			name = Localizable.strings;
			sourceTree = "<group>";
		};
/* End PBXVariantGroup section */

/* Begin XCBuildConfiguration section */
		6158CE122678CBEE00CAF0DA /* Debug */ = {
			isa = XCBuildConfiguration;
			buildSettings = {
				ALWAYS_SEARCH_USER_PATHS = NO;
				CLANG_ANALYZER_NONNULL = YES;
				CLANG_ANALYZER_NUMBER_OBJECT_CONVERSION = YES_AGGRESSIVE;
				CLANG_CXX_LANGUAGE_STANDARD = "gnu++14";
				CLANG_CXX_LIBRARY = "libc++";
				CLANG_ENABLE_MODULES = YES;
				CLANG_ENABLE_OBJC_ARC = YES;
				CLANG_ENABLE_OBJC_WEAK = YES;
				CLANG_WARN_BLOCK_CAPTURE_AUTORELEASING = YES;
				CLANG_WARN_BOOL_CONVERSION = YES;
				CLANG_WARN_COMMA = YES;
				CLANG_WARN_CONSTANT_CONVERSION = YES;
				CLANG_WARN_DEPRECATED_OBJC_IMPLEMENTATIONS = YES;
				CLANG_WARN_DIRECT_OBJC_ISA_USAGE = YES_ERROR;
				CLANG_WARN_DOCUMENTATION_COMMENTS = YES;
				CLANG_WARN_EMPTY_BODY = YES;
				CLANG_WARN_ENUM_CONVERSION = YES;
				CLANG_WARN_INFINITE_RECURSION = YES;
				CLANG_WARN_INT_CONVERSION = YES;
				CLANG_WARN_NON_LITERAL_NULL_CONVERSION = YES;
				CLANG_WARN_OBJC_IMPLICIT_RETAIN_SELF = YES;
				CLANG_WARN_OBJC_LITERAL_CONVERSION = YES;
				CLANG_WARN_OBJC_ROOT_CLASS = YES_ERROR;
				CLANG_WARN_QUOTED_INCLUDE_IN_FRAMEWORK_HEADER = YES;
				CLANG_WARN_RANGE_LOOP_ANALYSIS = YES;
				CLANG_WARN_STRICT_PROTOTYPES = YES;
				CLANG_WARN_SUSPICIOUS_MOVE = YES;
				CLANG_WARN_UNGUARDED_AVAILABILITY = YES_AGGRESSIVE;
				CLANG_WARN_UNREACHABLE_CODE = YES;
				CLANG_WARN__DUPLICATE_METHOD_MATCH = YES;
				COPY_PHASE_STRIP = NO;
				DEBUG_INFORMATION_FORMAT = dwarf;
				ENABLE_STRICT_OBJC_MSGSEND = YES;
				ENABLE_TESTABILITY = YES;
				GCC_C_LANGUAGE_STANDARD = gnu11;
				GCC_DYNAMIC_NO_PIC = NO;
				GCC_NO_COMMON_BLOCKS = YES;
				GCC_OPTIMIZATION_LEVEL = 0;
				GCC_PREPROCESSOR_DEFINITIONS = (
					"DEBUG=1",
					"$(inherited)",
				);
				GCC_WARN_64_TO_32_BIT_CONVERSION = YES;
				GCC_WARN_ABOUT_RETURN_TYPE = YES_ERROR;
				GCC_WARN_UNDECLARED_SELECTOR = YES;
				GCC_WARN_UNINITIALIZED_AUTOS = YES_AGGRESSIVE;
				GCC_WARN_UNUSED_FUNCTION = YES;
				GCC_WARN_UNUSED_VARIABLE = YES;
				IPHONEOS_DEPLOYMENT_TARGET = 14.5;
				MTL_ENABLE_DEBUG_INFO = INCLUDE_SOURCE;
				MTL_FAST_MATH = YES;
				ONLY_ACTIVE_ARCH = YES;
				SDKROOT = iphoneos;
				SWIFT_ACTIVE_COMPILATION_CONDITIONS = DEBUG;
				SWIFT_OPTIMIZATION_LEVEL = "-Onone";
			};
			name = Debug;
		};
		6158CE132678CBEE00CAF0DA /* Release */ = {
			isa = XCBuildConfiguration;
			buildSettings = {
				ALWAYS_SEARCH_USER_PATHS = NO;
				CLANG_ANALYZER_NONNULL = YES;
				CLANG_ANALYZER_NUMBER_OBJECT_CONVERSION = YES_AGGRESSIVE;
				CLANG_CXX_LANGUAGE_STANDARD = "gnu++14";
				CLANG_CXX_LIBRARY = "libc++";
				CLANG_ENABLE_MODULES = YES;
				CLANG_ENABLE_OBJC_ARC = YES;
				CLANG_ENABLE_OBJC_WEAK = YES;
				CLANG_WARN_BLOCK_CAPTURE_AUTORELEASING = YES;
				CLANG_WARN_BOOL_CONVERSION = YES;
				CLANG_WARN_COMMA = YES;
				CLANG_WARN_CONSTANT_CONVERSION = YES;
				CLANG_WARN_DEPRECATED_OBJC_IMPLEMENTATIONS = YES;
				CLANG_WARN_DIRECT_OBJC_ISA_USAGE = YES_ERROR;
				CLANG_WARN_DOCUMENTATION_COMMENTS = YES;
				CLANG_WARN_EMPTY_BODY = YES;
				CLANG_WARN_ENUM_CONVERSION = YES;
				CLANG_WARN_INFINITE_RECURSION = YES;
				CLANG_WARN_INT_CONVERSION = YES;
				CLANG_WARN_NON_LITERAL_NULL_CONVERSION = YES;
				CLANG_WARN_OBJC_IMPLICIT_RETAIN_SELF = YES;
				CLANG_WARN_OBJC_LITERAL_CONVERSION = YES;
				CLANG_WARN_OBJC_ROOT_CLASS = YES_ERROR;
				CLANG_WARN_QUOTED_INCLUDE_IN_FRAMEWORK_HEADER = YES;
				CLANG_WARN_RANGE_LOOP_ANALYSIS = YES;
				CLANG_WARN_STRICT_PROTOTYPES = YES;
				CLANG_WARN_SUSPICIOUS_MOVE = YES;
				CLANG_WARN_UNGUARDED_AVAILABILITY = YES_AGGRESSIVE;
				CLANG_WARN_UNREACHABLE_CODE = YES;
				CLANG_WARN__DUPLICATE_METHOD_MATCH = YES;
				COPY_PHASE_STRIP = NO;
				DEBUG_INFORMATION_FORMAT = "dwarf-with-dsym";
				ENABLE_NS_ASSERTIONS = NO;
				ENABLE_STRICT_OBJC_MSGSEND = YES;
				GCC_C_LANGUAGE_STANDARD = gnu11;
				GCC_NO_COMMON_BLOCKS = YES;
				GCC_WARN_64_TO_32_BIT_CONVERSION = YES;
				GCC_WARN_ABOUT_RETURN_TYPE = YES_ERROR;
				GCC_WARN_UNDECLARED_SELECTOR = YES;
				GCC_WARN_UNINITIALIZED_AUTOS = YES_AGGRESSIVE;
				GCC_WARN_UNUSED_FUNCTION = YES;
				GCC_WARN_UNUSED_VARIABLE = YES;
				IPHONEOS_DEPLOYMENT_TARGET = 14.5;
				MTL_ENABLE_DEBUG_INFO = NO;
				MTL_FAST_MATH = YES;
				SDKROOT = iphoneos;
				SWIFT_COMPILATION_MODE = wholemodule;
				SWIFT_OPTIMIZATION_LEVEL = "-O";
				VALIDATE_PRODUCT = YES;
			};
			name = Release;
		};
		6158CE152678CBEE00CAF0DA /* Debug */ = {
			isa = XCBuildConfiguration;
			buildSettings = {
				ASSETCATALOG_COMPILER_APPICON_NAME = AppIcon;
				ASSETCATALOG_COMPILER_GLOBAL_ACCENT_COLOR_NAME = AccentColor;
				CODE_SIGN_STYLE = Automatic;
				DEVELOPMENT_ASSET_PATHS = "\"Artero/Preview Content\"";
				DEVELOPMENT_TEAM = 5UX9P2B2T5;
				ENABLE_PREVIEWS = YES;
				INFOPLIST_FILE = Artero/Info.plist;
				IPHONEOS_DEPLOYMENT_TARGET = 14.0;
				LD_RUNPATH_SEARCH_PATHS = (
					"$(inherited)",
					"@executable_path/Frameworks",
				);
				PRODUCT_BUNDLE_IDENTIFIER = andre.Artero;
				PRODUCT_NAME = "$(TARGET_NAME)";
				SWIFT_VERSION = 5.0;
				TARGETED_DEVICE_FAMILY = 1;
			};
			name = Debug;
		};
		6158CE162678CBEE00CAF0DA /* Release */ = {
			isa = XCBuildConfiguration;
			buildSettings = {
				ASSETCATALOG_COMPILER_APPICON_NAME = AppIcon;
				ASSETCATALOG_COMPILER_GLOBAL_ACCENT_COLOR_NAME = AccentColor;
				CODE_SIGN_STYLE = Automatic;
				DEVELOPMENT_ASSET_PATHS = "\"Artero/Preview Content\"";
				DEVELOPMENT_TEAM = 5UX9P2B2T5;
				ENABLE_PREVIEWS = YES;
				INFOPLIST_FILE = Artero/Info.plist;
				IPHONEOS_DEPLOYMENT_TARGET = 14.0;
				LD_RUNPATH_SEARCH_PATHS = (
					"$(inherited)",
					"@executable_path/Frameworks",
				);
				PRODUCT_BUNDLE_IDENTIFIER = andre.Artero;
				PRODUCT_NAME = "$(TARGET_NAME)";
				SWIFT_VERSION = 5.0;
				TARGETED_DEVICE_FAMILY = 1;
			};
			name = Release;
		};
/* End XCBuildConfiguration section */

/* Begin XCConfigurationList section */
		6158CE002678CBEC00CAF0DA /* Build configuration list for PBXProject "Artero" */ = {
			isa = XCConfigurationList;
			buildConfigurations = (
				6158CE122678CBEE00CAF0DA /* Debug */,
				6158CE132678CBEE00CAF0DA /* Release */,
			);
			defaultConfigurationIsVisible = 0;
			defaultConfigurationName = Release;
		};
		6158CE142678CBEE00CAF0DA /* Build configuration list for PBXNativeTarget "Artero" */ = {
			isa = XCConfigurationList;
			buildConfigurations = (
				6158CE152678CBEE00CAF0DA /* Debug */,
				6158CE162678CBEE00CAF0DA /* Release */,
			);
			defaultConfigurationIsVisible = 0;
			defaultConfigurationName = Release;
		};
/* End XCConfigurationList section */
	};
	rootObject = 6158CDFD2678CBEC00CAF0DA /* Project object */;
}
